
Microsoft Visual Studio Solution File, Format Version 12.00
# Visual Studio Version 16
VisualStudioVersion = 16.0.29424.173
MinimumVisualStudioVersion = 10.0.40219.1
Project("{9A19103F-16F7-4668-BE54-9A1E7A4F7556}") = "Vue_WebApplication", "Vue_WebApplication\Vue_WebApplication.csproj", "{3A58ADE1-61ED-442B-9183-4C320FD5A977}"
EndProject
Project("{9A19103F-16F7-4668-BE54-9A1E7A4F7556}") = "React_WebApplication", "React_WebApplication\React_WebApplication.csproj", "{2030F0C6-5A84-4F53-8CAD-87E38F23D02C}"
EndProject
Project("{FAE04EC0-301F-11D3-BF4B-00C04F79EFBC}") = "Angular_WebApplication", "..\..\..\Git\SPA_AngularJS_MovieTest\SPA_AngularJS\Angular_WebApplication.csproj", "{879F7647-D1A4-4C90-8E52-59D57601AD0B}"
EndProject
Global
	GlobalSection(SolutionConfigurationPlatforms) = preSolution
		Debug|Any CPU = Debug|Any CPU
		Release|Any CPU = Release|Any CPU
	EndGlobalSection
	GlobalSection(ProjectConfigurationPlatforms) = postSolution
		{3A58ADE1-61ED-442B-9183-4C320FD5A977}.Debug|Any CPU.ActiveCfg = Debug|Any CPU
		{3A58ADE1-61ED-442B-9183-4C320FD5A977}.Debug|Any CPU.Build.0 = Debug|Any CPU
		{3A58ADE1-61ED-442B-9183-4C320FD5A977}.Release|Any CPU.ActiveCfg = Release|Any CPU
		{3A58ADE1-61ED-442B-9183-4C320FD5A977}.Release|Any CPU.Build.0 = Release|Any CPU
		{2030F0C6-5A84-4F53-8CAD-87E38F23D02C}.Debug|Any CPU.ActiveCfg = Debug|Any CPU
		{2030F0C6-5A84-4F53-8CAD-87E38F23D02C}.Debug|Any CPU.Build.0 = Debug|Any CPU
		{2030F0C6-5A84-4F53-8CAD-87E38F23D02C}.Release|Any CPU.ActiveCfg = Release|Any CPU
		{2030F0C6-5A84-4F53-8CAD-87E38F23D02C}.Release|Any CPU.Build.0 = Release|Any CPU
		{879F7647-D1A4-4C90-8E52-59D57601AD0B}.Debug|Any CPU.ActiveCfg = Debug|Any CPU
		{879F7647-D1A4-4C90-8E52-59D57601AD0B}.Debug|Any CPU.Build.0 = Debug|Any CPU
		{879F7647-D1A4-4C90-8E52-59D57601AD0B}.Release|Any CPU.ActiveCfg = Release|Any CPU
		{879F7647-D1A4-4C90-8E52-59D57601AD0B}.Release|Any CPU.Build.0 = Release|Any CPU
	EndGlobalSection
	GlobalSection(SolutionProperties) = preSolution
		HideSolutionNode = FALSE
	EndGlobalSection
	GlobalSection(ExtensibilityGlobals) = postSolution
		SolutionGuid = {78386507-81CA-476B-AF7B-17B38F9BEC43}
	EndGlobalSection
EndGlobal
